
Microsoft Visual Studio Solution File, Format Version 12.00
# Visual Studio 14
VisualStudioVersion = 14.0.23107.0
MinimumVisualStudioVersion = 10.0.40219.1
Project("{FAE04EC0-301F-11D3-BF4B-00C04F79EFBC}") = "Sinema_Otomasyon", "Sinema_Otomasyon\Sinema_Otomasyon.csproj", "{10A43A01-9F0B-4B3D-A294-E579215C2B86}"
EndProject
Global
	GlobalSection(SolutionConfigurationPlatforms) = preSolution
		Debug|Any CPU = Debug|Any CPU
		Release|Any CPU = Release|Any CPU
	EndGlobalSection
	GlobalSection(ProjectConfigurationPlatforms) = postSolution
		{10A43A01-9F0B-4B3D-A294-E579215C2B86}.Debug|Any CPU.ActiveCfg = Debug|Any CPU
		{10A43A01-9F0B-4B3D-A294-E579215C2B86}.Debug|Any CPU.Build.0 = Debug|Any CPU
		{10A43A01-9F0B-4B3D-A294-E579215C2B86}.Release|Any CPU.ActiveCfg = Release|Any CPU
		{10A43A01-9F0B-4B3D-A294-E579215C2B86}.Release|Any CPU.Build.0 = Release|Any CPU
	EndGlobalSection
	GlobalSection(SolutionProperties) = preSolution
		HideSolutionNode = FALSE
	EndGlobalSection
EndGlobal
